
Microsoft Visual Studio Solution File, Format Version 12.00
# Visual Studio Version 16
VisualStudioVersion = 16.0.31424.327
MinimumVisualStudioVersion = 10.0.40219.1
Project("{FAE04EC0-301F-11D3-BF4B-00C04F79EFBC}") = "esSocketWPF", "esSocketWPF\esSocketWPF.csproj", "{DBA81A70-783C-428C-B44E-EBBE6B736D6E}"
EndProject
Global
	GlobalSection(SolutionConfigurationPlatforms) = preSolution
		Debug|Any CPU = Debug|Any CPU
		Release|Any CPU = Release|Any CPU
	EndGlobalSection
	GlobalSection(ProjectConfigurationPlatforms) = postSolution
		{DBA81A70-783C-428C-B44E-EBBE6B736D6E}.Debug|Any CPU.ActiveCfg = Debug|Any CPU
		{DBA81A70-783C-428C-B44E-EBBE6B736D6E}.Debug|Any CPU.Build.0 = Debug|Any CPU
		{DBA81A70-783C-428C-B44E-EBBE6B736D6E}.Release|Any CPU.ActiveCfg = Release|Any CPU
		{DBA81A70-783C-428C-B44E-EBBE6B736D6E}.Release|Any CPU.Build.0 = Release|Any CPU
	EndGlobalSection
	GlobalSection(SolutionProperties) = preSolution
		HideSolutionNode = FALSE
	EndGlobalSection
	GlobalSection(ExtensibilityGlobals) = postSolution
		SolutionGuid = {6883CFC9-A08A-4975-9194-964F3842CA8C}
	EndGlobalSection
EndGlobal
